// !$*UTF8*$!
{
	archiveVersion = 1;
	classes = {
	};
	objectVersion = 60;
	objects = {

/* Begin PBXBuildFile section */
		07A9F86B2C940B6D00811743 /* COSC2659_Assignment3App.swift in Sources */ = {isa = PBXBuildFile; fileRef = 07A9F86A2C940B6D00811743 /* COSC2659_Assignment3App.swift */; };
		07A9F86D2C940B6D00811743 /* MapView.swift in Sources */ = {isa = PBXBuildFile; fileRef = 07A9F86C2C940B6D00811743 /* MapView.swift */; };
		07A9F86F2C940B6F00811743 /* Assets.xcassets in Resources */ = {isa = PBXBuildFile; fileRef = 07A9F86E2C940B6F00811743 /* Assets.xcassets */; };
		07A9F8722C940B6F00811743 /* Preview Assets.xcassets in Resources */ = {isa = PBXBuildFile; fileRef = 07A9F8712C940B6F00811743 /* Preview Assets.xcassets */; };
		07A9F8792C940EDF00811743 /* LoginView.swift in Sources */ = {isa = PBXBuildFile; fileRef = 07A9F8782C940EDF00811743 /* LoginView.swift */; };
		07A9F87B2C940F3000811743 /* SignUpView.swift in Sources */ = {isa = PBXBuildFile; fileRef = 07A9F87A2C940F3000811743 /* SignUpView.swift */; };
		07A9F87E2C94101B00811743 /* CheckboxToggleStyle.swift in Sources */ = {isa = PBXBuildFile; fileRef = 07A9F87D2C94101B00811743 /* CheckboxToggleStyle.swift */; };
		07A9F8802C941C5300811743 /* SearchBar.swift in Sources */ = {isa = PBXBuildFile; fileRef = 07A9F87F2C941C5300811743 /* SearchBar.swift */; };
		07A9F8822C942C0A00811743 /* LocationManager.swift in Sources */ = {isa = PBXBuildFile; fileRef = 07A9F8812C942C0A00811743 /* LocationManager.swift */; };
		07A9F8842C94318400811743 /* VehicleSelectorView.swift in Sources */ = {isa = PBXBuildFile; fileRef = 07A9F8832C94318400811743 /* VehicleSelectorView.swift */; };
		07A9F8862C94379400811743 /* CautionView.swift in Sources */ = {isa = PBXBuildFile; fileRef = 07A9F8852C94379400811743 /* CautionView.swift */; };
		07A9F8882C94415A00811743 /* SettingsView.swift in Sources */ = {isa = PBXBuildFile; fileRef = 07A9F8872C94415A00811743 /* SettingsView.swift */; };
/* End PBXBuildFile section */

/* Begin PBXFileReference section */
		07A9F8672C940B6D00811743 /* COSC2659_Assignment3.app */ = {isa = PBXFileReference; explicitFileType = wrapper.application; includeInIndex = 0; path = COSC2659_Assignment3.app; sourceTree = BUILT_PRODUCTS_DIR; };
		07A9F86A2C940B6D00811743 /* COSC2659_Assignment3App.swift */ = {isa = PBXFileReference; lastKnownFileType = sourcecode.swift; path = COSC2659_Assignment3App.swift; sourceTree = "<group>"; };
		07A9F86C2C940B6D00811743 /* MapView.swift */ = {isa = PBXFileReference; lastKnownFileType = sourcecode.swift; path = MapView.swift; sourceTree = "<group>"; };
		07A9F86E2C940B6F00811743 /* Assets.xcassets */ = {isa = PBXFileReference; lastKnownFileType = folder.assetcatalog; path = Assets.xcassets; sourceTree = "<group>"; };
		07A9F8712C940B6F00811743 /* Preview Assets.xcassets */ = {isa = PBXFileReference; lastKnownFileType = folder.assetcatalog; path = "Preview Assets.xcassets"; sourceTree = "<group>"; };
		07A9F8782C940EDF00811743 /* LoginView.swift */ = {isa = PBXFileReference; lastKnownFileType = sourcecode.swift; path = LoginView.swift; sourceTree = "<group>"; };
		07A9F87A2C940F3000811743 /* SignUpView.swift */ = {isa = PBXFileReference; lastKnownFileType = sourcecode.swift; path = SignUpView.swift; sourceTree = "<group>"; };
		07A9F87D2C94101B00811743 /* CheckboxToggleStyle.swift */ = {isa = PBXFileReference; lastKnownFileType = sourcecode.swift; path = CheckboxToggleStyle.swift; sourceTree = "<group>"; };
		07A9F87F2C941C5300811743 /* SearchBar.swift */ = {isa = PBXFileReference; lastKnownFileType = sourcecode.swift; path = SearchBar.swift; sourceTree = "<group>"; };
		07A9F8812C942C0A00811743 /* LocationManager.swift */ = {isa = PBXFileReference; lastKnownFileType = sourcecode.swift; path = LocationManager.swift; sourceTree = "<group>"; };
		07A9F8832C94318400811743 /* VehicleSelectorView.swift */ = {isa = PBXFileReference; lastKnownFileType = sourcecode.swift; path = VehicleSelectorView.swift; sourceTree = "<group>"; };
		07A9F8852C94379400811743 /* CautionView.swift */ = {isa = PBXFileReference; lastKnownFileType = sourcecode.swift; path = CautionView.swift; sourceTree = "<group>"; };
		07A9F8872C94415A00811743 /* SettingsView.swift */ = {isa = PBXFileReference; lastKnownFileType = sourcecode.swift; path = SettingsView.swift; sourceTree = "<group>"; };
/* End PBXFileReference section */

/* Begin PBXFrameworksBuildPhase section */
		07A9F8642C940B6D00811743 /* Frameworks */ = {
			isa = PBXFrameworksBuildPhase;
			buildActionMask = 2147483647;
			files = (
			);
			runOnlyForDeploymentPostprocessing = 0;
		};
/* End PBXFrameworksBuildPhase section */

/* Begin PBXGroup section */
		07A9F85E2C940B6D00811743 = {
			isa = PBXGroup;
			children = (
				07A9F8692C940B6D00811743 /* COSC2659_Assignment3 */,
				07A9F8682C940B6D00811743 /* Products */,
			);
			sourceTree = "<group>";
		};
		07A9F8682C940B6D00811743 /* Products */ = {
			isa = PBXGroup;
			children = (
				07A9F8672C940B6D00811743 /* COSC2659_Assignment3.app */,
			);
			name = Products;
			sourceTree = "<group>";
		};
		07A9F8692C940B6D00811743 /* COSC2659_Assignment3 */ = {
			isa = PBXGroup;
			children = (
				07A9F87C2C940FB400811743 /* Components */,
				07A9F86A2C940B6D00811743 /* COSC2659_Assignment3App.swift */,
				07A9F86C2C940B6D00811743 /* MapView.swift */,
				07A9F8782C940EDF00811743 /* LoginView.swift */,
				07A9F87A2C940F3000811743 /* SignUpView.swift */,
				07A9F8812C942C0A00811743 /* LocationManager.swift */,
				07A9F8832C94318400811743 /* VehicleSelectorView.swift */,
				07A9F8852C94379400811743 /* CautionView.swift */,
				07A9F8872C94415A00811743 /* SettingsView.swift */,
				07A9F86E2C940B6F00811743 /* Assets.xcassets */,
				07A9F8702C940B6F00811743 /* Preview Content */,
			);
			path = COSC2659_Assignment3;
			sourceTree = "<group>";
		};
		07A9F8702C940B6F00811743 /* Preview Content */ = {
			isa = PBXGroup;
			children = (
				07A9F8712C940B6F00811743 /* Preview Assets.xcassets */,
			);
			path = "Preview Content";
			sourceTree = "<group>";
		};
		07A9F87C2C940FB400811743 /* Components */ = {
			isa = PBXGroup;
			children = (
				07A9F87D2C94101B00811743 /* CheckboxToggleStyle.swift */,
				07A9F87F2C941C5300811743 /* SearchBar.swift */,
			);
			path = Components;
			sourceTree = "<group>";
		};
/* End PBXGroup section */

/* Begin PBXNativeTarget section */
		07A9F8662C940B6D00811743 /* COSC2659_Assignment3 */ = {
			isa = PBXNativeTarget;
			buildConfigurationList = 07A9F8752C940B6F00811743 /* Build configuration list for PBXNativeTarget "COSC2659_Assignment3" */;
			buildPhases = (
				07A9F8632C940B6D00811743 /* Sources */,
				07A9F8642C940B6D00811743 /* Frameworks */,
				07A9F8652C940B6D00811743 /* Resources */,
			);
			buildRules = (
			);
			dependencies = (
			);
			name = COSC2659_Assignment3;
			productName = COSC2659_Assignment3;
			productReference = 07A9F8672C940B6D00811743 /* COSC2659_Assignment3.app */;
			productType = "com.apple.product-type.application";
		};
/* End PBXNativeTarget section */

/* Begin PBXProject section */
		07A9F85F2C940B6D00811743 /* Project object */ = {
			isa = PBXProject;
			attributes = {
				BuildIndependentTargetsInParallel = 1;
				LastSwiftUpdateCheck = 1600;
				LastUpgradeCheck = 1600;
				TargetAttributes = {
					07A9F8662C940B6D00811743 = {
						CreatedOnToolsVersion = 16.0;
					};
				};
			};
			buildConfigurationList = 07A9F8622C940B6D00811743 /* Build configuration list for PBXProject "COSC2659_Assignment3" */;
			compatibilityVersion = "Xcode 15.0";
			developmentRegion = en;
			hasScannedForEncodings = 0;
			knownRegions = (
				en,
				Base,
			);
			mainGroup = 07A9F85E2C940B6D00811743;
			productRefGroup = 07A9F8682C940B6D00811743 /* Products */;
			projectDirPath = "";
			projectRoot = "";
			targets = (
				07A9F8662C940B6D00811743 /* COSC2659_Assignment3 */,
			);
		};
/* End PBXProject section */

/* Begin PBXResourcesBuildPhase section */
		07A9F8652C940B6D00811743 /* Resources */ = {
			isa = PBXResourcesBuildPhase;
			buildActionMask = 2147483647;
			files = (
				07A9F8722C940B6F00811743 /* Preview Assets.xcassets in Resources */,
				07A9F86F2C940B6F00811743 /* Assets.xcassets in Resources */,
			);
			runOnlyForDeploymentPostprocessing = 0;
		};
/* End PBXResourcesBuildPhase section */

/* Begin PBXSourcesBuildPhase section */
		07A9F8632C940B6D00811743 /* Sources */ = {
			isa = PBXSourcesBuildPhase;
			buildActionMask = 2147483647;
			files = (
				07A9F8842C94318400811743 /* VehicleSelectorView.swift in Sources */,
				07A9F8802C941C5300811743 /* SearchBar.swift in Sources */,
				07A9F8792C940EDF00811743 /* LoginView.swift in Sources */,
				07A9F87E2C94101B00811743 /* CheckboxToggleStyle.swift in Sources */,
				07A9F8822C942C0A00811743 /* LocationManager.swift in Sources */,
				07A9F8882C94415A00811743 /* SettingsView.swift in Sources */,
				07A9F86D2C940B6D00811743 /* MapView.swift in Sources */,
				07A9F87B2C940F3000811743 /* SignUpView.swift in Sources */,
				07A9F86B2C940B6D00811743 /* COSC2659_Assignment3App.swift in Sources */,
				07A9F8862C94379400811743 /* CautionView.swift in Sources */,
			);
			runOnlyForDeploymentPostprocessing = 0;
		};
/* End PBXSourcesBuildPhase section */

/* Begin XCBuildConfiguration section */
		07A9F8732C940B6F00811743 /* Debug */ = {
			isa = XCBuildConfiguration;
			buildSettings = {
				ALWAYS_SEARCH_USER_PATHS = NO;
				ASSETCATALOG_COMPILER_GENERATE_SWIFT_ASSET_SYMBOL_EXTENSIONS = YES;
				CLANG_ANALYZER_NONNULL = YES;
				CLANG_ANALYZER_NUMBER_OBJECT_CONVERSION = YES_AGGRESSIVE;
				CLANG_CXX_LANGUAGE_STANDARD = "gnu++20";
				CLANG_ENABLE_MODULES = YES;
				CLANG_ENABLE_OBJC_ARC = YES;
				CLANG_ENABLE_OBJC_WEAK = YES;
				CLANG_WARN_BLOCK_CAPTURE_AUTORELEASING = YES;
				CLANG_WARN_BOOL_CONVERSION = YES;
				CLANG_WARN_COMMA = YES;
				CLANG_WARN_CONSTANT_CONVERSION = YES;
				CLANG_WARN_DEPRECATED_OBJC_IMPLEMENTATIONS = YES;
				CLANG_WARN_DIRECT_OBJC_ISA_USAGE = YES_ERROR;
				CLANG_WARN_DOCUMENTATION_COMMENTS = YES;
				CLANG_WARN_EMPTY_BODY = YES;
				CLANG_WARN_ENUM_CONVERSION = YES;
				CLANG_WARN_INFINITE_RECURSION = YES;
				CLANG_WARN_INT_CONVERSION = YES;
				CLANG_WARN_NON_LITERAL_NULL_CONVERSION = YES;
				CLANG_WARN_OBJC_IMPLICIT_RETAIN_SELF = YES;
				CLANG_WARN_OBJC_LITERAL_CONVERSION = YES;
				CLANG_WARN_OBJC_ROOT_CLASS = YES_ERROR;
				CLANG_WARN_QUOTED_INCLUDE_IN_FRAMEWORK_HEADER = YES;
				CLANG_WARN_RANGE_LOOP_ANALYSIS = YES;
				CLANG_WARN_STRICT_PROTOTYPES = YES;
				CLANG_WARN_SUSPICIOUS_MOVE = YES;
				CLANG_WARN_UNGUARDED_AVAILABILITY = YES_AGGRESSIVE;
				CLANG_WARN_UNREACHABLE_CODE = YES;
				CLANG_WARN__DUPLICATE_METHOD_MATCH = YES;
				COPY_PHASE_STRIP = NO;
				DEBUG_INFORMATION_FORMAT = dwarf;
				ENABLE_STRICT_OBJC_MSGSEND = YES;
				ENABLE_TESTABILITY = YES;
				ENABLE_USER_SCRIPT_SANDBOXING = YES;
				GCC_C_LANGUAGE_STANDARD = gnu17;
				GCC_DYNAMIC_NO_PIC = NO;
				GCC_NO_COMMON_BLOCKS = YES;
				GCC_OPTIMIZATION_LEVEL = 0;
				GCC_PREPROCESSOR_DEFINITIONS = (
					"DEBUG=1",
					"$(inherited)",
				);
				GCC_WARN_64_TO_32_BIT_CONVERSION = YES;
				GCC_WARN_ABOUT_RETURN_TYPE = YES_ERROR;
				GCC_WARN_UNDECLARED_SELECTOR = YES;
				GCC_WARN_UNINITIALIZED_AUTOS = YES_AGGRESSIVE;
				GCC_WARN_UNUSED_FUNCTION = YES;
				GCC_WARN_UNUSED_VARIABLE = YES;
				IPHONEOS_DEPLOYMENT_TARGET = 18.0;
				LOCALIZATION_PREFERS_STRING_CATALOGS = YES;
				MTL_ENABLE_DEBUG_INFO = INCLUDE_SOURCE;
				MTL_FAST_MATH = YES;
				ONLY_ACTIVE_ARCH = YES;
				SDKROOT = iphoneos;
				SWIFT_ACTIVE_COMPILATION_CONDITIONS = "DEBUG $(inherited)";
				SWIFT_OPTIMIZATION_LEVEL = "-Onone";
			};
			name = Debug;
		};
		07A9F8742C940B6F00811743 /* Release */ = {
			isa = XCBuildConfiguration;
			buildSettings = {
				ALWAYS_SEARCH_USER_PATHS = NO;
				ASSETCATALOG_COMPILER_GENERATE_SWIFT_ASSET_SYMBOL_EXTENSIONS = YES;
				CLANG_ANALYZER_NONNULL = YES;
				CLANG_ANALYZER_NUMBER_OBJECT_CONVERSION = YES_AGGRESSIVE;
				CLANG_CXX_LANGUAGE_STANDARD = "gnu++20";
				CLANG_ENABLE_MODULES = YES;
				CLANG_ENABLE_OBJC_ARC = YES;
				CLANG_ENABLE_OBJC_WEAK = YES;
				CLANG_WARN_BLOCK_CAPTURE_AUTORELEASING = YES;
				CLANG_WARN_BOOL_CONVERSION = YES;
				CLANG_WARN_COMMA = YES;
				CLANG_WARN_CONSTANT_CONVERSION = YES;
				CLANG_WARN_DEPRECATED_OBJC_IMPLEMENTATIONS = YES;
				CLANG_WARN_DIRECT_OBJC_ISA_USAGE = YES_ERROR;
				CLANG_WARN_DOCUMENTATION_COMMENTS = YES;
				CLANG_WARN_EMPTY_BODY = YES;
				CLANG_WARN_ENUM_CONVERSION = YES;
				CLANG_WARN_INFINITE_RECURSION = YES;
				CLANG_WARN_INT_CONVERSION = YES;
				CLANG_WARN_NON_LITERAL_NULL_CONVERSION = YES;
				CLANG_WARN_OBJC_IMPLICIT_RETAIN_SELF = YES;
				CLANG_WARN_OBJC_LITERAL_CONVERSION = YES;
				CLANG_WARN_OBJC_ROOT_CLASS = YES_ERROR;
				CLANG_WARN_QUOTED_INCLUDE_IN_FRAMEWORK_HEADER = YES;
				CLANG_WARN_RANGE_LOOP_ANALYSIS = YES;
				CLANG_WARN_STRICT_PROTOTYPES = YES;
				CLANG_WARN_SUSPICIOUS_MOVE = YES;
				CLANG_WARN_UNGUARDED_AVAILABILITY = YES_AGGRESSIVE;
				CLANG_WARN_UNREACHABLE_CODE = YES;
				CLANG_WARN__DUPLICATE_METHOD_MATCH = YES;
				COPY_PHASE_STRIP = NO;
				DEBUG_INFORMATION_FORMAT = "dwarf-with-dsym";
				ENABLE_NS_ASSERTIONS = NO;
				ENABLE_STRICT_OBJC_MSGSEND = YES;
				ENABLE_USER_SCRIPT_SANDBOXING = YES;
				GCC_C_LANGUAGE_STANDARD = gnu17;
				GCC_NO_COMMON_BLOCKS = YES;
				GCC_WARN_64_TO_32_BIT_CONVERSION = YES;
				GCC_WARN_ABOUT_RETURN_TYPE = YES_ERROR;
				GCC_WARN_UNDECLARED_SELECTOR = YES;
				GCC_WARN_UNINITIALIZED_AUTOS = YES_AGGRESSIVE;
				GCC_WARN_UNUSED_FUNCTION = YES;
				GCC_WARN_UNUSED_VARIABLE = YES;
				IPHONEOS_DEPLOYMENT_TARGET = 18.0;
				LOCALIZATION_PREFERS_STRING_CATALOGS = YES;
				MTL_ENABLE_DEBUG_INFO = NO;
				MTL_FAST_MATH = YES;
				SDKROOT = iphoneos;
				SWIFT_COMPILATION_MODE = wholemodule;
				VALIDATE_PRODUCT = YES;
			};
			name = Release;
		};
		07A9F8762C940B6F00811743 /* Debug */ = {
			isa = XCBuildConfiguration;
			buildSettings = {
				ASSETCATALOG_COMPILER_APPICON_NAME = AppIcon;
				ASSETCATALOG_COMPILER_GLOBAL_ACCENT_COLOR_NAME = AccentColor;
				CODE_SIGN_STYLE = Automatic;
				CURRENT_PROJECT_VERSION = 1;
				DEVELOPMENT_ASSET_PATHS = "\"COSC2659_Assignment3/Preview Content\"";
				DEVELOPMENT_TEAM = HBDD6QXAJ3;
				ENABLE_PREVIEWS = YES;
				GENERATE_INFOPLIST_FILE = YES;
				INFOPLIST_KEY_UIApplicationSceneManifest_Generation = YES;
				INFOPLIST_KEY_UIApplicationSupportsIndirectInputEvents = YES;
				INFOPLIST_KEY_UILaunchScreen_Generation = YES;
				INFOPLIST_KEY_UISupportedInterfaceOrientations_iPad = "UIInterfaceOrientationPortrait UIInterfaceOrientationPortraitUpsideDown UIInterfaceOrientationLandscapeLeft UIInterfaceOrientationLandscapeRight";
				INFOPLIST_KEY_UISupportedInterfaceOrientations_iPhone = "UIInterfaceOrientationPortrait UIInterfaceOrientationLandscapeLeft UIInterfaceOrientationLandscapeRight";
				LD_RUNPATH_SEARCH_PATHS = (
					"$(inherited)",
					"@executable_path/Frameworks",
				);
				MARKETING_VERSION = 1.0;
				PRODUCT_BUNDLE_IDENTIFIER = "vn.edu.rmit.Duy.COSC2659-Assignment3";
				PRODUCT_NAME = "$(TARGET_NAME)";
				SWIFT_EMIT_LOC_STRINGS = YES;
				SWIFT_VERSION = 5.0;
				TARGETED_DEVICE_FAMILY = "1,2";
			};
			name = Debug;
		};
		07A9F8772C940B6F00811743 /* Release */ = {
			isa = XCBuildConfiguration;
			buildSettings = {
				ASSETCATALOG_COMPILER_APPICON_NAME = AppIcon;
				ASSETCATALOG_COMPILER_GLOBAL_ACCENT_COLOR_NAME = AccentColor;
				CODE_SIGN_STYLE = Automatic;
				CURRENT_PROJECT_VERSION = 1;
				DEVELOPMENT_ASSET_PATHS = "\"COSC2659_Assignment3/Preview Content\"";
				DEVELOPMENT_TEAM = HBDD6QXAJ3;
				ENABLE_PREVIEWS = YES;
				GENERATE_INFOPLIST_FILE = YES;
				INFOPLIST_KEY_UIApplicationSceneManifest_Generation = YES;
				INFOPLIST_KEY_UIApplicationSupportsIndirectInputEvents = YES;
				INFOPLIST_KEY_UILaunchScreen_Generation = YES;
				INFOPLIST_KEY_UISupportedInterfaceOrientations_iPad = "UIInterfaceOrientationPortrait UIInterfaceOrientationPortraitUpsideDown UIInterfaceOrientationLandscapeLeft UIInterfaceOrientationLandscapeRight";
				INFOPLIST_KEY_UISupportedInterfaceOrientations_iPhone = "UIInterfaceOrientationPortrait UIInterfaceOrientationLandscapeLeft UIInterfaceOrientationLandscapeRight";
				LD_RUNPATH_SEARCH_PATHS = (
					"$(inherited)",
					"@executable_path/Frameworks",
				);
				MARKETING_VERSION = 1.0;
				PRODUCT_BUNDLE_IDENTIFIER = "vn.edu.rmit.Duy.COSC2659-Assignment3";
				PRODUCT_NAME = "$(TARGET_NAME)";
				SWIFT_EMIT_LOC_STRINGS = YES;
				SWIFT_VERSION = 5.0;
				TARGETED_DEVICE_FAMILY = "1,2";
			};
			name = Release;
		};
/* End XCBuildConfiguration section */

/* Begin XCConfigurationList section */
		07A9F8622C940B6D00811743 /* Build configuration list for PBXProject "COSC2659_Assignment3" */ = {
			isa = XCConfigurationList;
			buildConfigurations = (
				07A9F8732C940B6F00811743 /* Debug */,
				07A9F8742C940B6F00811743 /* Release */,
			);
			defaultConfigurationIsVisible = 0;
			defaultConfigurationName = Release;
		};
		07A9F8752C940B6F00811743 /* Build configuration list for PBXNativeTarget "COSC2659_Assignment3" */ = {
			isa = XCConfigurationList;
			buildConfigurations = (
				07A9F8762C940B6F00811743 /* Debug */,
				07A9F8772C940B6F00811743 /* Release */,
			);
			defaultConfigurationIsVisible = 0;
			defaultConfigurationName = Release;
		};
/* End XCConfigurationList section */
	};
	rootObject = 07A9F85F2C940B6D00811743 /* Project object */;
}
